
Microsoft Visual Studio Solution File, Format Version 12.00
# Visual Studio Version 17
VisualStudioVersion = 17.7.34031.279
MinimumVisualStudioVersion = 10.0.40219.1
Project("{8BC9CEB8-8B4A-11D0-8D11-00A0C91BC942}") = "prob01", "prob1\prob1.vcxproj", "{448BA94D-9596-40BB-A4D7-A31EA327A6EA}"
EndProject
Project("{8BC9CEB8-8B4A-11D0-8D11-00A0C91BC942}") = "prob02", "prob2\prob2.vcxproj", "{C6739BDC-7EBB-48DF-87DB-AAC105562FD8}"
EndProject
Project("{8BC9CEB8-8B4A-11D0-8D11-00A0C91BC942}") = "prob04", "prob4\prob4.vcxproj", "{E30DDEB8-895A-4ABB-ACA2-29AB609ED8C5}"
EndProject
Project("{8BC9CEB8-8B4A-11D0-8D11-00A0C91BC942}") = "prob03", "prob3\prob3.vcxproj", "{2C4D569D-5D94-46D2-B7BF-368AEE7D04DF}"
EndProject
Project("{8BC9CEB8-8B4A-11D0-8D11-00A0C91BC942}") = "prob05", "prob5\prob5.vcxproj", "{4E94D140-2FE0-4481-B7F1-98C8452015D9}"
EndProject
Project("{8BC9CEB8-8B4A-11D0-8D11-00A0C91BC942}") = "prob07", "prob7\prob7.vcxproj", "{96844231-0102-4739-86FF-F5F8C5A367CB}"
EndProject
Project("{8BC9CEB8-8B4A-11D0-8D11-00A0C91BC942}") = "prob08", "prob8\prob8.vcxproj", "{5141FE8C-A9DA-461B-A1CE-09C66E285E2F}"
EndProject
Project("{8BC9CEB8-8B4A-11D0-8D11-00A0C91BC942}") = "prob06", "prob6\prob6.vcxproj", "{01869019-1B57-4E7C-A7DB-12DEC752F23B}"
EndProject
Project("{8BC9CEB8-8B4A-11D0-8D11-00A0C91BC942}") = "prob09", "prob9\prob9.vcxproj", "{27FFD762-F9CE-43DF-BC34-0D614D3AD91A}"
EndProject
Project("{8BC9CEB8-8B4A-11D0-8D11-00A0C91BC942}") = "prob12", "prob12\prob12.vcxproj", "{709AA345-A56B-4DF0-BB0A-DEC12393B3B4}"
EndProject
Project("{8BC9CEB8-8B4A-11D0-8D11-00A0C91BC942}") = "prob13", "prob13\prob13.vcxproj", "{CC0E5725-3BEE-499A-8C98-D23449119F6F}"
EndProject
Project("{8BC9CEB8-8B4A-11D0-8D11-00A0C91BC942}") = "prob14", "prob14\prob14.vcxproj", "{EB51D120-EEC8-4529-BF98-CC0562FCC8C8}"
EndProject
Project("{8BC9CEB8-8B4A-11D0-8D11-00A0C91BC942}") = "prob15", "prob15\prob15.vcxproj", "{05E0BE28-E4EA-4FCB-B278-6F022A7C2DCA}"
EndProject
Global
	GlobalSection(SolutionConfigurationPlatforms) = preSolution
		Debug|x64 = Debug|x64
		Debug|x86 = Debug|x86
		Release|x64 = Release|x64
		Release|x86 = Release|x86
	EndGlobalSection
	GlobalSection(ProjectConfigurationPlatforms) = postSolution
		{448BA94D-9596-40BB-A4D7-A31EA327A6EA}.Debug|x64.ActiveCfg = Debug|x64
		{448BA94D-9596-40BB-A4D7-A31EA327A6EA}.Debug|x64.Build.0 = Debug|x64
		{448BA94D-9596-40BB-A4D7-A31EA327A6EA}.Debug|x86.ActiveCfg = Debug|Win32
		{448BA94D-9596-40BB-A4D7-A31EA327A6EA}.Debug|x86.Build.0 = Debug|Win32
		{448BA94D-9596-40BB-A4D7-A31EA327A6EA}.Release|x64.ActiveCfg = Release|x64
		{448BA94D-9596-40BB-A4D7-A31EA327A6EA}.Release|x64.Build.0 = Release|x64
		{448BA94D-9596-40BB-A4D7-A31EA327A6EA}.Release|x86.ActiveCfg = Release|Win32
		{448BA94D-9596-40BB-A4D7-A31EA327A6EA}.Release|x86.Build.0 = Release|Win32
		{C6739BDC-7EBB-48DF-87DB-AAC105562FD8}.Debug|x64.ActiveCfg = Debug|x64
		{C6739BDC-7EBB-48DF-87DB-AAC105562FD8}.Debug|x64.Build.0 = Debug|x64
		{C6739BDC-7EBB-48DF-87DB-AAC105562FD8}.Debug|x86.ActiveCfg = Debug|Win32
		{C6739BDC-7EBB-48DF-87DB-AAC105562FD8}.Debug|x86.Build.0 = Debug|Win32
		{C6739BDC-7EBB-48DF-87DB-AAC105562FD8}.Release|x64.ActiveCfg = Release|x64
		{C6739BDC-7EBB-48DF-87DB-AAC105562FD8}.Release|x64.Build.0 = Release|x64
		{C6739BDC-7EBB-48DF-87DB-AAC105562FD8}.Release|x86.ActiveCfg = Release|Win32
		{C6739BDC-7EBB-48DF-87DB-AAC105562FD8}.Release|x86.Build.0 = Release|Win32
		{E30DDEB8-895A-4ABB-ACA2-29AB609ED8C5}.Debug|x64.ActiveCfg = Debug|x64
		{E30DDEB8-895A-4ABB-ACA2-29AB609ED8C5}.Debug|x64.Build.0 = Debug|x64
		{E30DDEB8-895A-4ABB-ACA2-29AB609ED8C5}.Debug|x86.ActiveCfg = Debug|Win32
		{E30DDEB8-895A-4ABB-ACA2-29AB609ED8C5}.Debug|x86.Build.0 = Debug|Win32
		{E30DDEB8-895A-4ABB-ACA2-29AB609ED8C5}.Release|x64.ActiveCfg = Release|x64
		{E30DDEB8-895A-4ABB-ACA2-29AB609ED8C5}.Release|x64.Build.0 = Release|x64
		{E30DDEB8-895A-4ABB-ACA2-29AB609ED8C5}.Release|x86.ActiveCfg = Release|Win32
		{E30DDEB8-895A-4ABB-ACA2-29AB609ED8C5}.Release|x86.Build.0 = Release|Win32
		{2C4D569D-5D94-46D2-B7BF-368AEE7D04DF}.Debug|x64.ActiveCfg = Debug|x64
		{2C4D569D-5D94-46D2-B7BF-368AEE7D04DF}.Debug|x64.Build.0 = Debug|x64
		{2C4D569D-5D94-46D2-B7BF-368AEE7D04DF}.Debug|x86.ActiveCfg = Debug|Win32
		{2C4D569D-5D94-46D2-B7BF-368AEE7D04DF}.Debug|x86.Build.0 = Debug|Win32
		{2C4D569D-5D94-46D2-B7BF-368AEE7D04DF}.Release|x64.ActiveCfg = Release|x64
		{2C4D569D-5D94-46D2-B7BF-368AEE7D04DF}.Release|x64.Build.0 = Release|x64
		{2C4D569D-5D94-46D2-B7BF-368AEE7D04DF}.Release|x86.ActiveCfg = Release|Win32
		{2C4D569D-5D94-46D2-B7BF-368AEE7D04DF}.Release|x86.Build.0 = Release|Win32
		{4E94D140-2FE0-4481-B7F1-98C8452015D9}.Debug|x64.ActiveCfg = Debug|x64
		{4E94D140-2FE0-4481-B7F1-98C8452015D9}.Debug|x64.Build.0 = Debug|x64
		{4E94D140-2FE0-4481-B7F1-98C8452015D9}.Debug|x86.ActiveCfg = Debug|Win32
		{4E94D140-2FE0-4481-B7F1-98C8452015D9}.Debug|x86.Build.0 = Debug|Win32
		{4E94D140-2FE0-4481-B7F1-98C8452015D9}.Release|x64.ActiveCfg = Release|x64
		{4E94D140-2FE0-4481-B7F1-98C8452015D9}.Release|x64.Build.0 = Release|x64
		{4E94D140-2FE0-4481-B7F1-98C8452015D9}.Release|x86.ActiveCfg = Release|Win32
		{4E94D140-2FE0-4481-B7F1-98C8452015D9}.Release|x86.Build.0 = Release|Win32
		{96844231-0102-4739-86FF-F5F8C5A367CB}.Debug|x64.ActiveCfg = Debug|x64
		{96844231-0102-4739-86FF-F5F8C5A367CB}.Debug|x64.Build.0 = Debug|x64
		{96844231-0102-4739-86FF-F5F8C5A367CB}.Debug|x86.ActiveCfg = Debug|Win32
		{96844231-0102-4739-86FF-F5F8C5A367CB}.Debug|x86.Build.0 = Debug|Win32
		{96844231-0102-4739-86FF-F5F8C5A367CB}.Release|x64.ActiveCfg = Release|x64
		{96844231-0102-4739-86FF-F5F8C5A367CB}.Release|x64.Build.0 = Release|x64
		{96844231-0102-4739-86FF-F5F8C5A367CB}.Release|x86.ActiveCfg = Release|Win32
		{96844231-0102-4739-86FF-F5F8C5A367CB}.Release|x86.Build.0 = Release|Win32
		{5141FE8C-A9DA-461B-A1CE-09C66E285E2F}.Debug|x64.ActiveCfg = Debug|x64
		{5141FE8C-A9DA-461B-A1CE-09C66E285E2F}.Debug|x64.Build.0 = Debug|x64
		{5141FE8C-A9DA-461B-A1CE-09C66E285E2F}.Debug|x86.ActiveCfg = Debug|Win32
		{5141FE8C-A9DA-461B-A1CE-09C66E285E2F}.Debug|x86.Build.0 = Debug|Win32
		{5141FE8C-A9DA-461B-A1CE-09C66E285E2F}.Release|x64.ActiveCfg = Release|x64
		{5141FE8C-A9DA-461B-A1CE-09C66E285E2F}.Release|x64.Build.0 = Release|x64
		{5141FE8C-A9DA-461B-A1CE-09C66E285E2F}.Release|x86.ActiveCfg = Release|Win32
		{5141FE8C-A9DA-461B-A1CE-09C66E285E2F}.Release|x86.Build.0 = Release|Win32
		{01869019-1B57-4E7C-A7DB-12DEC752F23B}.Debug|x64.ActiveCfg = Debug|x64
		{01869019-1B57-4E7C-A7DB-12DEC752F23B}.Debug|x64.Build.0 = Debug|x64
		{01869019-1B57-4E7C-A7DB-12DEC752F23B}.Debug|x86.ActiveCfg = Debug|Win32
		{01869019-1B57-4E7C-A7DB-12DEC752F23B}.Debug|x86.Build.0 = Debug|Win32
		{01869019-1B57-4E7C-A7DB-12DEC752F23B}.Release|x64.ActiveCfg = Release|x64
		{01869019-1B57-4E7C-A7DB-12DEC752F23B}.Release|x64.Build.0 = Release|x64
		{01869019-1B57-4E7C-A7DB-12DEC752F23B}.Release|x86.ActiveCfg = Release|Win32
		{01869019-1B57-4E7C-A7DB-12DEC752F23B}.Release|x86.Build.0 = Release|Win32
		{27FFD762-F9CE-43DF-BC34-0D614D3AD91A}.Debug|x64.ActiveCfg = Debug|x64
		{27FFD762-F9CE-43DF-BC34-0D614D3AD91A}.Debug|x64.Build.0 = Debug|x64
		{27FFD762-F9CE-43DF-BC34-0D614D3AD91A}.Debug|x86.ActiveCfg = Debug|Win32
		{27FFD762-F9CE-43DF-BC34-0D614D3AD91A}.Debug|x86.Build.0 = Debug|Win32
		{27FFD762-F9CE-43DF-BC34-0D614D3AD91A}.Release|x64.ActiveCfg = Release|x64
		{27FFD762-F9CE-43DF-BC34-0D614D3AD91A}.Release|x64.Build.0 = Release|x64
		{27FFD762-F9CE-43DF-BC34-0D614D3AD91A}.Release|x86.ActiveCfg = Release|Win32
		{27FFD762-F9CE-43DF-BC34-0D614D3AD91A}.Release|x86.Build.0 = Release|Win32
		{709AA345-A56B-4DF0-BB0A-DEC12393B3B4}.Debug|x64.ActiveCfg = Debug|x64
		{709AA345-A56B-4DF0-BB0A-DEC12393B3B4}.Debug|x64.Build.0 = Debug|x64
		{709AA345-A56B-4DF0-BB0A-DEC12393B3B4}.Debug|x86.ActiveCfg = Debug|Win32
		{709AA345-A56B-4DF0-BB0A-DEC12393B3B4}.Debug|x86.Build.0 = Debug|Win32
		{709AA345-A56B-4DF0-BB0A-DEC12393B3B4}.Release|x64.ActiveCfg = Release|x64
		{709AA345-A56B-4DF0-BB0A-DEC12393B3B4}.Release|x64.Build.0 = Release|x64
		{709AA345-A56B-4DF0-BB0A-DEC12393B3B4}.Release|x86.ActiveCfg = Release|Win32
		{709AA345-A56B-4DF0-BB0A-DEC12393B3B4}.Release|x86.Build.0 = Release|Win32
		{CC0E5725-3BEE-499A-8C98-D23449119F6F}.Debug|x64.ActiveCfg = Debug|x64
		{CC0E5725-3BEE-499A-8C98-D23449119F6F}.Debug|x64.Build.0 = Debug|x64
		{CC0E5725-3BEE-499A-8C98-D23449119F6F}.Debug|x86.ActiveCfg = Debug|Win32
		{CC0E5725-3BEE-499A-8C98-D23449119F6F}.Debug|x86.Build.0 = Debug|Win32
		{CC0E5725-3BEE-499A-8C98-D23449119F6F}.Release|x64.ActiveCfg = Release|x64
		{CC0E5725-3BEE-499A-8C98-D23449119F6F}.Release|x64.Build.0 = Release|x64
		{CC0E5725-3BEE-499A-8C98-D23449119F6F}.Release|x86.ActiveCfg = Release|Win32
		{CC0E5725-3BEE-499A-8C98-D23449119F6F}.Release|x86.Build.0 = Release|Win32
		{EB51D120-EEC8-4529-BF98-CC0562FCC8C8}.Debug|x64.ActiveCfg = Debug|x64
		{EB51D120-EEC8-4529-BF98-CC0562FCC8C8}.Debug|x64.Build.0 = Debug|x64
		{EB51D120-EEC8-4529-BF98-CC0562FCC8C8}.Debug|x86.ActiveCfg = Debug|Win32
		{EB51D120-EEC8-4529-BF98-CC0562FCC8C8}.Debug|x86.Build.0 = Debug|Win32
		{EB51D120-EEC8-4529-BF98-CC0562FCC8C8}.Release|x64.ActiveCfg = Release|x64
		{EB51D120-EEC8-4529-BF98-CC0562FCC8C8}.Release|x64.Build.0 = Release|x64
		{EB51D120-EEC8-4529-BF98-CC0562FCC8C8}.Release|x86.ActiveCfg = Release|Win32
		{EB51D120-EEC8-4529-BF98-CC0562FCC8C8}.Release|x86.Build.0 = Release|Win32
		{05E0BE28-E4EA-4FCB-B278-6F022A7C2DCA}.Debug|x64.ActiveCfg = Debug|x64
		{05E0BE28-E4EA-4FCB-B278-6F022A7C2DCA}.Debug|x64.Build.0 = Debug|x64
		{05E0BE28-E4EA-4FCB-B278-6F022A7C2DCA}.Debug|x86.ActiveCfg = Debug|Win32
		{05E0BE28-E4EA-4FCB-B278-6F022A7C2DCA}.Debug|x86.Build.0 = Debug|Win32
		{05E0BE28-E4EA-4FCB-B278-6F022A7C2DCA}.Release|x64.ActiveCfg = Release|x64
		{05E0BE28-E4EA-4FCB-B278-6F022A7C2DCA}.Release|x64.Build.0 = Release|x64
		{05E0BE28-E4EA-4FCB-B278-6F022A7C2DCA}.Release|x86.ActiveCfg = Release|Win32
		{05E0BE28-E4EA-4FCB-B278-6F022A7C2DCA}.Release|x86.Build.0 = Release|Win32
	EndGlobalSection
	GlobalSection(SolutionProperties) = preSolution
		HideSolutionNode = FALSE
	EndGlobalSection
	GlobalSection(ExtensibilityGlobals) = postSolution
		SolutionGuid = {B798BEAE-7714-4B52-8BA2-BF6A97E7BDC7}
	EndGlobalSection
EndGlobal
