
Microsoft Visual Studio Solution File, Format Version 12.00
# Visual Studio Version 17
VisualStudioVersion = 17.7.34031.279
MinimumVisualStudioVersion = 10.0.40219.1
Project("{8BC9CEB8-8B4A-11D0-8D11-00A0C91BC942}") = "prob01", "prob1\prob1.vcxproj", "{7118DD3D-981C-4C37-AB53-94C788D71A7D}"
EndProject
Project("{8BC9CEB8-8B4A-11D0-8D11-00A0C91BC942}") = "prob02", "prob2\prob2.vcxproj", "{3C060F78-A49D-4934-9D4A-5610DDAEA275}"
EndProject
Project("{8BC9CEB8-8B4A-11D0-8D11-00A0C91BC942}") = "prob03", "prob3\prob3.vcxproj", "{CFA72DDF-A6B6-4B58-AD01-AE3C2EC29989}"
EndProject
Project("{8BC9CEB8-8B4A-11D0-8D11-00A0C91BC942}") = "prob04", "prob4\prob4.vcxproj", "{C608576C-4264-48E4-B4BD-C15AD02A4AA5}"
EndProject
Project("{8BC9CEB8-8B4A-11D0-8D11-00A0C91BC942}") = "prob05", "prob5\prob5.vcxproj", "{A4CE5310-2029-41DF-A8BA-AC81062D812E}"
EndProject
Project("{8BC9CEB8-8B4A-11D0-8D11-00A0C91BC942}") = "prob06", "prob6\prob6.vcxproj", "{708CF831-5920-4114-BC4E-A299BF17C540}"
EndProject
Project("{8BC9CEB8-8B4A-11D0-8D11-00A0C91BC942}") = "prob07", "prob7\prob7.vcxproj", "{E46AB8C4-18CC-4B57-837E-B53D844E8C88}"
EndProject
Project("{8BC9CEB8-8B4A-11D0-8D11-00A0C91BC942}") = "prob08", "prob8\prob8.vcxproj", "{1A50CFA6-3650-4A22-9A86-71DFD7D76087}"
EndProject
Project("{8BC9CEB8-8B4A-11D0-8D11-00A0C91BC942}") = "prob09", "prob9\prob9.vcxproj", "{CDA9D2D9-6EA4-4B60-BCE8-B6F7097F083F}"
EndProject
Project("{8BC9CEB8-8B4A-11D0-8D11-00A0C91BC942}") = "prob10", "prob10\prob10.vcxproj", "{74A44F25-497B-4425-9BFE-38976A842226}"
EndProject
Project("{8BC9CEB8-8B4A-11D0-8D11-00A0C91BC942}") = "prob11", "prob11\prob11.vcxproj", "{41DCB084-87C1-4B2D-B203-1194B8FD838B}"
EndProject
Project("{8BC9CEB8-8B4A-11D0-8D11-00A0C91BC942}") = "prob12", "prob12\prob12.vcxproj", "{A8C7217D-A3B8-40D6-82E9-D4E2D9CC1FF8}"
EndProject
Project("{8BC9CEB8-8B4A-11D0-8D11-00A0C91BC942}") = "prob13", "prob13\prob13.vcxproj", "{3DDADBC5-486F-4F0A-8A03-394CBA019183}"
EndProject
Project("{8BC9CEB8-8B4A-11D0-8D11-00A0C91BC942}") = "prob14", "prob14\prob14.vcxproj", "{FDDF2E7D-C277-4455-94E9-946BEC718A6D}"
EndProject
Project("{8BC9CEB8-8B4A-11D0-8D11-00A0C91BC942}") = "prob15", "prob15\prob15.vcxproj", "{D62206C3-8358-4A41-ABA4-BADC8920C123}"
EndProject
Project("{8BC9CEB8-8B4A-11D0-8D11-00A0C91BC942}") = "prob16", "prob16\prob16.vcxproj", "{F6900AE8-939B-4CDD-9DE0-800AC3C7CC92}"
EndProject
Project("{8BC9CEB8-8B4A-11D0-8D11-00A0C91BC942}") = "prob17", "prob17\prob17.vcxproj", "{2D394FA3-DBF7-4804-97A8-5506F161B3E2}"
EndProject
Project("{8BC9CEB8-8B4A-11D0-8D11-00A0C91BC942}") = "prob18", "prob18\prob18.vcxproj", "{510B3130-5F38-410E-9C7E-FEC6C30E2CEE}"
EndProject
Project("{8BC9CEB8-8B4A-11D0-8D11-00A0C91BC942}") = "prob19", "prob19\prob19.vcxproj", "{B82033C2-8260-48B5-B26D-497B60615C24}"
EndProject
Project("{8BC9CEB8-8B4A-11D0-8D11-00A0C91BC942}") = "prob20", "prob20\prob20.vcxproj", "{49D35DE5-3ECD-46A3-BE35-9BC654AA6F58}"
EndProject
Project("{8BC9CEB8-8B4A-11D0-8D11-00A0C91BC942}") = "prob22", "prob22\prob22.vcxproj", "{0123316E-F698-40EE-B264-5A1196BB4474}"
EndProject
Project("{8BC9CEB8-8B4A-11D0-8D11-00A0C91BC942}") = "prob21", "prob21\prob21.vcxproj", "{FE175C92-6691-4FBC-884D-0413EB3DDF1C}"
EndProject
Project("{8BC9CEB8-8B4A-11D0-8D11-00A0C91BC942}") = "prob23", "prob23\prob23.vcxproj", "{9A2A93DE-9FD9-40C3-8650-09CB21AC611C}"
EndProject
Project("{8BC9CEB8-8B4A-11D0-8D11-00A0C91BC942}") = "prob24", "prob24\prob24.vcxproj", "{6B572114-B84A-4553-B6FC-48427DA8B12B}"
EndProject
Project("{8BC9CEB8-8B4A-11D0-8D11-00A0C91BC942}") = "prob25", "prob25\prob25.vcxproj", "{43642D1D-0305-4986-A809-26A7A5BCE8A1}"
EndProject
Project("{8BC9CEB8-8B4A-11D0-8D11-00A0C91BC942}") = "prob26", "prob26\prob26.vcxproj", "{9D02211E-989C-4230-B1F0-2214F9C3ECEB}"
EndProject
Project("{8BC9CEB8-8B4A-11D0-8D11-00A0C91BC942}") = "prob27", "prob27\prob27.vcxproj", "{09550AA1-F513-49FC-AC92-2519DEC85C41}"
EndProject
Project("{8BC9CEB8-8B4A-11D0-8D11-00A0C91BC942}") = "prob29", "prob29\prob29.vcxproj", "{2EFBC215-52B2-4644-83AD-92D8E90E90E5}"
EndProject
Project("{8BC9CEB8-8B4A-11D0-8D11-00A0C91BC942}") = "prob28", "prob28\prob28.vcxproj", "{5EE8641D-A4A8-490F-AE95-91675CA84C35}"
EndProject
Project("{8BC9CEB8-8B4A-11D0-8D11-00A0C91BC942}") = "prob30", "prob30\prob30.vcxproj", "{EB58F720-0C0D-4A2C-901D-C8EC5918E269}"
EndProject
Project("{8BC9CEB8-8B4A-11D0-8D11-00A0C91BC942}") = "prob31", "prob31\prob31.vcxproj", "{E220A747-CA43-4754-84FF-BAFC1C6280BD}"
EndProject
Project("{8BC9CEB8-8B4A-11D0-8D11-00A0C91BC942}") = "prob32", "prob32\prob32.vcxproj", "{8FFFEC0D-433D-4323-8819-FC8557E82F3B}"
EndProject
Project("{8BC9CEB8-8B4A-11D0-8D11-00A0C91BC942}") = "prob33", "prob33\prob33.vcxproj", "{D93224F1-D2A1-4C81-A5C5-A22642A62F42}"
EndProject
Global
	GlobalSection(SolutionConfigurationPlatforms) = preSolution
		Debug|x64 = Debug|x64
		Debug|x86 = Debug|x86
		Release|x64 = Release|x64
		Release|x86 = Release|x86
	EndGlobalSection
	GlobalSection(ProjectConfigurationPlatforms) = postSolution
		{7118DD3D-981C-4C37-AB53-94C788D71A7D}.Debug|x64.ActiveCfg = Debug|x64
		{7118DD3D-981C-4C37-AB53-94C788D71A7D}.Debug|x64.Build.0 = Debug|x64
		{7118DD3D-981C-4C37-AB53-94C788D71A7D}.Debug|x86.ActiveCfg = Debug|Win32
		{7118DD3D-981C-4C37-AB53-94C788D71A7D}.Debug|x86.Build.0 = Debug|Win32
		{7118DD3D-981C-4C37-AB53-94C788D71A7D}.Release|x64.ActiveCfg = Release|x64
		{7118DD3D-981C-4C37-AB53-94C788D71A7D}.Release|x64.Build.0 = Release|x64
		{7118DD3D-981C-4C37-AB53-94C788D71A7D}.Release|x86.ActiveCfg = Release|Win32
		{7118DD3D-981C-4C37-AB53-94C788D71A7D}.Release|x86.Build.0 = Release|Win32
		{3C060F78-A49D-4934-9D4A-5610DDAEA275}.Debug|x64.ActiveCfg = Debug|x64
		{3C060F78-A49D-4934-9D4A-5610DDAEA275}.Debug|x64.Build.0 = Debug|x64
		{3C060F78-A49D-4934-9D4A-5610DDAEA275}.Debug|x86.ActiveCfg = Debug|Win32
		{3C060F78-A49D-4934-9D4A-5610DDAEA275}.Debug|x86.Build.0 = Debug|Win32
		{3C060F78-A49D-4934-9D4A-5610DDAEA275}.Release|x64.ActiveCfg = Release|x64
		{3C060F78-A49D-4934-9D4A-5610DDAEA275}.Release|x64.Build.0 = Release|x64
		{3C060F78-A49D-4934-9D4A-5610DDAEA275}.Release|x86.ActiveCfg = Release|Win32
		{3C060F78-A49D-4934-9D4A-5610DDAEA275}.Release|x86.Build.0 = Release|Win32
		{CFA72DDF-A6B6-4B58-AD01-AE3C2EC29989}.Debug|x64.ActiveCfg = Debug|x64
		{CFA72DDF-A6B6-4B58-AD01-AE3C2EC29989}.Debug|x64.Build.0 = Debug|x64
		{CFA72DDF-A6B6-4B58-AD01-AE3C2EC29989}.Debug|x86.ActiveCfg = Debug|Win32
		{CFA72DDF-A6B6-4B58-AD01-AE3C2EC29989}.Debug|x86.Build.0 = Debug|Win32
		{CFA72DDF-A6B6-4B58-AD01-AE3C2EC29989}.Release|x64.ActiveCfg = Release|x64
		{CFA72DDF-A6B6-4B58-AD01-AE3C2EC29989}.Release|x64.Build.0 = Release|x64
		{CFA72DDF-A6B6-4B58-AD01-AE3C2EC29989}.Release|x86.ActiveCfg = Release|Win32
		{CFA72DDF-A6B6-4B58-AD01-AE3C2EC29989}.Release|x86.Build.0 = Release|Win32
		{C608576C-4264-48E4-B4BD-C15AD02A4AA5}.Debug|x64.ActiveCfg = Debug|x64
		{C608576C-4264-48E4-B4BD-C15AD02A4AA5}.Debug|x64.Build.0 = Debug|x64
		{C608576C-4264-48E4-B4BD-C15AD02A4AA5}.Debug|x86.ActiveCfg = Debug|Win32
		{C608576C-4264-48E4-B4BD-C15AD02A4AA5}.Debug|x86.Build.0 = Debug|Win32
		{C608576C-4264-48E4-B4BD-C15AD02A4AA5}.Release|x64.ActiveCfg = Release|x64
		{C608576C-4264-48E4-B4BD-C15AD02A4AA5}.Release|x64.Build.0 = Release|x64
		{C608576C-4264-48E4-B4BD-C15AD02A4AA5}.Release|x86.ActiveCfg = Release|Win32
		{C608576C-4264-48E4-B4BD-C15AD02A4AA5}.Release|x86.Build.0 = Release|Win32
		{A4CE5310-2029-41DF-A8BA-AC81062D812E}.Debug|x64.ActiveCfg = Debug|x64
		{A4CE5310-2029-41DF-A8BA-AC81062D812E}.Debug|x64.Build.0 = Debug|x64
		{A4CE5310-2029-41DF-A8BA-AC81062D812E}.Debug|x86.ActiveCfg = Debug|Win32
		{A4CE5310-2029-41DF-A8BA-AC81062D812E}.Debug|x86.Build.0 = Debug|Win32
		{A4CE5310-2029-41DF-A8BA-AC81062D812E}.Release|x64.ActiveCfg = Release|x64
		{A4CE5310-2029-41DF-A8BA-AC81062D812E}.Release|x64.Build.0 = Release|x64
		{A4CE5310-2029-41DF-A8BA-AC81062D812E}.Release|x86.ActiveCfg = Release|Win32
		{A4CE5310-2029-41DF-A8BA-AC81062D812E}.Release|x86.Build.0 = Release|Win32
		{708CF831-5920-4114-BC4E-A299BF17C540}.Debug|x64.ActiveCfg = Debug|x64
		{708CF831-5920-4114-BC4E-A299BF17C540}.Debug|x64.Build.0 = Debug|x64
		{708CF831-5920-4114-BC4E-A299BF17C540}.Debug|x86.ActiveCfg = Debug|Win32
		{708CF831-5920-4114-BC4E-A299BF17C540}.Debug|x86.Build.0 = Debug|Win32
		{708CF831-5920-4114-BC4E-A299BF17C540}.Release|x64.ActiveCfg = Release|x64
		{708CF831-5920-4114-BC4E-A299BF17C540}.Release|x64.Build.0 = Release|x64
		{708CF831-5920-4114-BC4E-A299BF17C540}.Release|x86.ActiveCfg = Release|Win32
		{708CF831-5920-4114-BC4E-A299BF17C540}.Release|x86.Build.0 = Release|Win32
		{E46AB8C4-18CC-4B57-837E-B53D844E8C88}.Debug|x64.ActiveCfg = Debug|x64
		{E46AB8C4-18CC-4B57-837E-B53D844E8C88}.Debug|x64.Build.0 = Debug|x64
		{E46AB8C4-18CC-4B57-837E-B53D844E8C88}.Debug|x86.ActiveCfg = Debug|Win32
		{E46AB8C4-18CC-4B57-837E-B53D844E8C88}.Debug|x86.Build.0 = Debug|Win32
		{E46AB8C4-18CC-4B57-837E-B53D844E8C88}.Release|x64.ActiveCfg = Release|x64
		{E46AB8C4-18CC-4B57-837E-B53D844E8C88}.Release|x64.Build.0 = Release|x64
		{E46AB8C4-18CC-4B57-837E-B53D844E8C88}.Release|x86.ActiveCfg = Release|Win32
		{E46AB8C4-18CC-4B57-837E-B53D844E8C88}.Release|x86.Build.0 = Release|Win32
		{1A50CFA6-3650-4A22-9A86-71DFD7D76087}.Debug|x64.ActiveCfg = Debug|x64
		{1A50CFA6-3650-4A22-9A86-71DFD7D76087}.Debug|x64.Build.0 = Debug|x64
		{1A50CFA6-3650-4A22-9A86-71DFD7D76087}.Debug|x86.ActiveCfg = Debug|Win32
		{1A50CFA6-3650-4A22-9A86-71DFD7D76087}.Debug|x86.Build.0 = Debug|Win32
		{1A50CFA6-3650-4A22-9A86-71DFD7D76087}.Release|x64.ActiveCfg = Release|x64
		{1A50CFA6-3650-4A22-9A86-71DFD7D76087}.Release|x64.Build.0 = Release|x64
		{1A50CFA6-3650-4A22-9A86-71DFD7D76087}.Release|x86.ActiveCfg = Release|Win32
		{1A50CFA6-3650-4A22-9A86-71DFD7D76087}.Release|x86.Build.0 = Release|Win32
		{CDA9D2D9-6EA4-4B60-BCE8-B6F7097F083F}.Debug|x64.ActiveCfg = Debug|x64
		{CDA9D2D9-6EA4-4B60-BCE8-B6F7097F083F}.Debug|x64.Build.0 = Debug|x64
		{CDA9D2D9-6EA4-4B60-BCE8-B6F7097F083F}.Debug|x86.ActiveCfg = Debug|Win32
		{CDA9D2D9-6EA4-4B60-BCE8-B6F7097F083F}.Debug|x86.Build.0 = Debug|Win32
		{CDA9D2D9-6EA4-4B60-BCE8-B6F7097F083F}.Release|x64.ActiveCfg = Release|x64
		{CDA9D2D9-6EA4-4B60-BCE8-B6F7097F083F}.Release|x64.Build.0 = Release|x64
		{CDA9D2D9-6EA4-4B60-BCE8-B6F7097F083F}.Release|x86.ActiveCfg = Release|Win32
		{CDA9D2D9-6EA4-4B60-BCE8-B6F7097F083F}.Release|x86.Build.0 = Release|Win32
		{74A44F25-497B-4425-9BFE-38976A842226}.Debug|x64.ActiveCfg = Debug|x64
		{74A44F25-497B-4425-9BFE-38976A842226}.Debug|x64.Build.0 = Debug|x64
		{74A44F25-497B-4425-9BFE-38976A842226}.Debug|x86.ActiveCfg = Debug|Win32
		{74A44F25-497B-4425-9BFE-38976A842226}.Debug|x86.Build.0 = Debug|Win32
		{74A44F25-497B-4425-9BFE-38976A842226}.Release|x64.ActiveCfg = Release|x64
		{74A44F25-497B-4425-9BFE-38976A842226}.Release|x64.Build.0 = Release|x64
		{74A44F25-497B-4425-9BFE-38976A842226}.Release|x86.ActiveCfg = Release|Win32
		{74A44F25-497B-4425-9BFE-38976A842226}.Release|x86.Build.0 = Release|Win32
		{41DCB084-87C1-4B2D-B203-1194B8FD838B}.Debug|x64.ActiveCfg = Debug|x64
		{41DCB084-87C1-4B2D-B203-1194B8FD838B}.Debug|x64.Build.0 = Debug|x64
		{41DCB084-87C1-4B2D-B203-1194B8FD838B}.Debug|x86.ActiveCfg = Debug|Win32
		{41DCB084-87C1-4B2D-B203-1194B8FD838B}.Debug|x86.Build.0 = Debug|Win32
		{41DCB084-87C1-4B2D-B203-1194B8FD838B}.Release|x64.ActiveCfg = Release|x64
		{41DCB084-87C1-4B2D-B203-1194B8FD838B}.Release|x64.Build.0 = Release|x64
		{41DCB084-87C1-4B2D-B203-1194B8FD838B}.Release|x86.ActiveCfg = Release|Win32
		{41DCB084-87C1-4B2D-B203-1194B8FD838B}.Release|x86.Build.0 = Release|Win32
		{A8C7217D-A3B8-40D6-82E9-D4E2D9CC1FF8}.Debug|x64.ActiveCfg = Debug|x64
		{A8C7217D-A3B8-40D6-82E9-D4E2D9CC1FF8}.Debug|x64.Build.0 = Debug|x64
		{A8C7217D-A3B8-40D6-82E9-D4E2D9CC1FF8}.Debug|x86.ActiveCfg = Debug|Win32
		{A8C7217D-A3B8-40D6-82E9-D4E2D9CC1FF8}.Debug|x86.Build.0 = Debug|Win32
		{A8C7217D-A3B8-40D6-82E9-D4E2D9CC1FF8}.Release|x64.ActiveCfg = Release|x64
		{A8C7217D-A3B8-40D6-82E9-D4E2D9CC1FF8}.Release|x64.Build.0 = Release|x64
		{A8C7217D-A3B8-40D6-82E9-D4E2D9CC1FF8}.Release|x86.ActiveCfg = Release|Win32
		{A8C7217D-A3B8-40D6-82E9-D4E2D9CC1FF8}.Release|x86.Build.0 = Release|Win32
		{3DDADBC5-486F-4F0A-8A03-394CBA019183}.Debug|x64.ActiveCfg = Debug|x64
		{3DDADBC5-486F-4F0A-8A03-394CBA019183}.Debug|x64.Build.0 = Debug|x64
		{3DDADBC5-486F-4F0A-8A03-394CBA019183}.Debug|x86.ActiveCfg = Debug|Win32
		{3DDADBC5-486F-4F0A-8A03-394CBA019183}.Debug|x86.Build.0 = Debug|Win32
		{3DDADBC5-486F-4F0A-8A03-394CBA019183}.Release|x64.ActiveCfg = Release|x64
		{3DDADBC5-486F-4F0A-8A03-394CBA019183}.Release|x64.Build.0 = Release|x64
		{3DDADBC5-486F-4F0A-8A03-394CBA019183}.Release|x86.ActiveCfg = Release|Win32
		{3DDADBC5-486F-4F0A-8A03-394CBA019183}.Release|x86.Build.0 = Release|Win32
		{FDDF2E7D-C277-4455-94E9-946BEC718A6D}.Debug|x64.ActiveCfg = Debug|x64
		{FDDF2E7D-C277-4455-94E9-946BEC718A6D}.Debug|x64.Build.0 = Debug|x64
		{FDDF2E7D-C277-4455-94E9-946BEC718A6D}.Debug|x86.ActiveCfg = Debug|Win32
		{FDDF2E7D-C277-4455-94E9-946BEC718A6D}.Debug|x86.Build.0 = Debug|Win32
		{FDDF2E7D-C277-4455-94E9-946BEC718A6D}.Release|x64.ActiveCfg = Release|x64
		{FDDF2E7D-C277-4455-94E9-946BEC718A6D}.Release|x64.Build.0 = Release|x64
		{FDDF2E7D-C277-4455-94E9-946BEC718A6D}.Release|x86.ActiveCfg = Release|Win32
		{FDDF2E7D-C277-4455-94E9-946BEC718A6D}.Release|x86.Build.0 = Release|Win32
		{D62206C3-8358-4A41-ABA4-BADC8920C123}.Debug|x64.ActiveCfg = Debug|x64
		{D62206C3-8358-4A41-ABA4-BADC8920C123}.Debug|x64.Build.0 = Debug|x64
		{D62206C3-8358-4A41-ABA4-BADC8920C123}.Debug|x86.ActiveCfg = Debug|Win32
		{D62206C3-8358-4A41-ABA4-BADC8920C123}.Debug|x86.Build.0 = Debug|Win32
		{D62206C3-8358-4A41-ABA4-BADC8920C123}.Release|x64.ActiveCfg = Release|x64
		{D62206C3-8358-4A41-ABA4-BADC8920C123}.Release|x64.Build.0 = Release|x64
		{D62206C3-8358-4A41-ABA4-BADC8920C123}.Release|x86.ActiveCfg = Release|Win32
		{D62206C3-8358-4A41-ABA4-BADC8920C123}.Release|x86.Build.0 = Release|Win32
		{F6900AE8-939B-4CDD-9DE0-800AC3C7CC92}.Debug|x64.ActiveCfg = Debug|x64
		{F6900AE8-939B-4CDD-9DE0-800AC3C7CC92}.Debug|x64.Build.0 = Debug|x64
		{F6900AE8-939B-4CDD-9DE0-800AC3C7CC92}.Debug|x86.ActiveCfg = Debug|Win32
		{F6900AE8-939B-4CDD-9DE0-800AC3C7CC92}.Debug|x86.Build.0 = Debug|Win32
		{F6900AE8-939B-4CDD-9DE0-800AC3C7CC92}.Release|x64.ActiveCfg = Release|x64
		{F6900AE8-939B-4CDD-9DE0-800AC3C7CC92}.Release|x64.Build.0 = Release|x64
		{F6900AE8-939B-4CDD-9DE0-800AC3C7CC92}.Release|x86.ActiveCfg = Release|Win32
		{F6900AE8-939B-4CDD-9DE0-800AC3C7CC92}.Release|x86.Build.0 = Release|Win32
		{2D394FA3-DBF7-4804-97A8-5506F161B3E2}.Debug|x64.ActiveCfg = Debug|x64
		{2D394FA3-DBF7-4804-97A8-5506F161B3E2}.Debug|x64.Build.0 = Debug|x64
		{2D394FA3-DBF7-4804-97A8-5506F161B3E2}.Debug|x86.ActiveCfg = Debug|Win32
		{2D394FA3-DBF7-4804-97A8-5506F161B3E2}.Debug|x86.Build.0 = Debug|Win32
		{2D394FA3-DBF7-4804-97A8-5506F161B3E2}.Release|x64.ActiveCfg = Release|x64
		{2D394FA3-DBF7-4804-97A8-5506F161B3E2}.Release|x64.Build.0 = Release|x64
		{2D394FA3-DBF7-4804-97A8-5506F161B3E2}.Release|x86.ActiveCfg = Release|Win32
		{2D394FA3-DBF7-4804-97A8-5506F161B3E2}.Release|x86.Build.0 = Release|Win32
		{510B3130-5F38-410E-9C7E-FEC6C30E2CEE}.Debug|x64.ActiveCfg = Debug|x64
		{510B3130-5F38-410E-9C7E-FEC6C30E2CEE}.Debug|x64.Build.0 = Debug|x64
		{510B3130-5F38-410E-9C7E-FEC6C30E2CEE}.Debug|x86.ActiveCfg = Debug|Win32
		{510B3130-5F38-410E-9C7E-FEC6C30E2CEE}.Debug|x86.Build.0 = Debug|Win32
		{510B3130-5F38-410E-9C7E-FEC6C30E2CEE}.Release|x64.ActiveCfg = Release|x64
		{510B3130-5F38-410E-9C7E-FEC6C30E2CEE}.Release|x64.Build.0 = Release|x64
		{510B3130-5F38-410E-9C7E-FEC6C30E2CEE}.Release|x86.ActiveCfg = Release|Win32
		{510B3130-5F38-410E-9C7E-FEC6C30E2CEE}.Release|x86.Build.0 = Release|Win32
		{B82033C2-8260-48B5-B26D-497B60615C24}.Debug|x64.ActiveCfg = Debug|x64
		{B82033C2-8260-48B5-B26D-497B60615C24}.Debug|x64.Build.0 = Debug|x64
		{B82033C2-8260-48B5-B26D-497B60615C24}.Debug|x86.ActiveCfg = Debug|Win32
		{B82033C2-8260-48B5-B26D-497B60615C24}.Debug|x86.Build.0 = Debug|Win32
		{B82033C2-8260-48B5-B26D-497B60615C24}.Release|x64.ActiveCfg = Release|x64
		{B82033C2-8260-48B5-B26D-497B60615C24}.Release|x64.Build.0 = Release|x64
		{B82033C2-8260-48B5-B26D-497B60615C24}.Release|x86.ActiveCfg = Release|Win32
		{B82033C2-8260-48B5-B26D-497B60615C24}.Release|x86.Build.0 = Release|Win32
		{49D35DE5-3ECD-46A3-BE35-9BC654AA6F58}.Debug|x64.ActiveCfg = Debug|x64
		{49D35DE5-3ECD-46A3-BE35-9BC654AA6F58}.Debug|x64.Build.0 = Debug|x64
		{49D35DE5-3ECD-46A3-BE35-9BC654AA6F58}.Debug|x86.ActiveCfg = Debug|Win32
		{49D35DE5-3ECD-46A3-BE35-9BC654AA6F58}.Debug|x86.Build.0 = Debug|Win32
		{49D35DE5-3ECD-46A3-BE35-9BC654AA6F58}.Release|x64.ActiveCfg = Release|x64
		{49D35DE5-3ECD-46A3-BE35-9BC654AA6F58}.Release|x64.Build.0 = Release|x64
		{49D35DE5-3ECD-46A3-BE35-9BC654AA6F58}.Release|x86.ActiveCfg = Release|Win32
		{49D35DE5-3ECD-46A3-BE35-9BC654AA6F58}.Release|x86.Build.0 = Release|Win32
		{0123316E-F698-40EE-B264-5A1196BB4474}.Debug|x64.ActiveCfg = Debug|x64
		{0123316E-F698-40EE-B264-5A1196BB4474}.Debug|x64.Build.0 = Debug|x64
		{0123316E-F698-40EE-B264-5A1196BB4474}.Debug|x86.ActiveCfg = Debug|Win32
		{0123316E-F698-40EE-B264-5A1196BB4474}.Debug|x86.Build.0 = Debug|Win32
		{0123316E-F698-40EE-B264-5A1196BB4474}.Release|x64.ActiveCfg = Release|x64
		{0123316E-F698-40EE-B264-5A1196BB4474}.Release|x64.Build.0 = Release|x64
		{0123316E-F698-40EE-B264-5A1196BB4474}.Release|x86.ActiveCfg = Release|Win32
		{0123316E-F698-40EE-B264-5A1196BB4474}.Release|x86.Build.0 = Release|Win32
		{FE175C92-6691-4FBC-884D-0413EB3DDF1C}.Debug|x64.ActiveCfg = Debug|x64
		{FE175C92-6691-4FBC-884D-0413EB3DDF1C}.Debug|x64.Build.0 = Debug|x64
		{FE175C92-6691-4FBC-884D-0413EB3DDF1C}.Debug|x86.ActiveCfg = Debug|Win32
		{FE175C92-6691-4FBC-884D-0413EB3DDF1C}.Debug|x86.Build.0 = Debug|Win32
		{FE175C92-6691-4FBC-884D-0413EB3DDF1C}.Release|x64.ActiveCfg = Release|x64
		{FE175C92-6691-4FBC-884D-0413EB3DDF1C}.Release|x64.Build.0 = Release|x64
		{FE175C92-6691-4FBC-884D-0413EB3DDF1C}.Release|x86.ActiveCfg = Release|Win32
		{FE175C92-6691-4FBC-884D-0413EB3DDF1C}.Release|x86.Build.0 = Release|Win32
		{9A2A93DE-9FD9-40C3-8650-09CB21AC611C}.Debug|x64.ActiveCfg = Debug|x64
		{9A2A93DE-9FD9-40C3-8650-09CB21AC611C}.Debug|x64.Build.0 = Debug|x64
		{9A2A93DE-9FD9-40C3-8650-09CB21AC611C}.Debug|x86.ActiveCfg = Debug|Win32
		{9A2A93DE-9FD9-40C3-8650-09CB21AC611C}.Debug|x86.Build.0 = Debug|Win32
		{9A2A93DE-9FD9-40C3-8650-09CB21AC611C}.Release|x64.ActiveCfg = Release|x64
		{9A2A93DE-9FD9-40C3-8650-09CB21AC611C}.Release|x64.Build.0 = Release|x64
		{9A2A93DE-9FD9-40C3-8650-09CB21AC611C}.Release|x86.ActiveCfg = Release|Win32
		{9A2A93DE-9FD9-40C3-8650-09CB21AC611C}.Release|x86.Build.0 = Release|Win32
		{6B572114-B84A-4553-B6FC-48427DA8B12B}.Debug|x64.ActiveCfg = Debug|x64
		{6B572114-B84A-4553-B6FC-48427DA8B12B}.Debug|x64.Build.0 = Debug|x64
		{6B572114-B84A-4553-B6FC-48427DA8B12B}.Debug|x86.ActiveCfg = Debug|Win32
		{6B572114-B84A-4553-B6FC-48427DA8B12B}.Debug|x86.Build.0 = Debug|Win32
		{6B572114-B84A-4553-B6FC-48427DA8B12B}.Release|x64.ActiveCfg = Release|x64
		{6B572114-B84A-4553-B6FC-48427DA8B12B}.Release|x64.Build.0 = Release|x64
		{6B572114-B84A-4553-B6FC-48427DA8B12B}.Release|x86.ActiveCfg = Release|Win32
		{6B572114-B84A-4553-B6FC-48427DA8B12B}.Release|x86.Build.0 = Release|Win32
		{43642D1D-0305-4986-A809-26A7A5BCE8A1}.Debug|x64.ActiveCfg = Debug|x64
		{43642D1D-0305-4986-A809-26A7A5BCE8A1}.Debug|x64.Build.0 = Debug|x64
		{43642D1D-0305-4986-A809-26A7A5BCE8A1}.Debug|x86.ActiveCfg = Debug|Win32
		{43642D1D-0305-4986-A809-26A7A5BCE8A1}.Debug|x86.Build.0 = Debug|Win32
		{43642D1D-0305-4986-A809-26A7A5BCE8A1}.Release|x64.ActiveCfg = Release|x64
		{43642D1D-0305-4986-A809-26A7A5BCE8A1}.Release|x64.Build.0 = Release|x64
		{43642D1D-0305-4986-A809-26A7A5BCE8A1}.Release|x86.ActiveCfg = Release|Win32
		{43642D1D-0305-4986-A809-26A7A5BCE8A1}.Release|x86.Build.0 = Release|Win32
		{9D02211E-989C-4230-B1F0-2214F9C3ECEB}.Debug|x64.ActiveCfg = Debug|x64
		{9D02211E-989C-4230-B1F0-2214F9C3ECEB}.Debug|x64.Build.0 = Debug|x64
		{9D02211E-989C-4230-B1F0-2214F9C3ECEB}.Debug|x86.ActiveCfg = Debug|Win32
		{9D02211E-989C-4230-B1F0-2214F9C3ECEB}.Debug|x86.Build.0 = Debug|Win32
		{9D02211E-989C-4230-B1F0-2214F9C3ECEB}.Release|x64.ActiveCfg = Release|x64
		{9D02211E-989C-4230-B1F0-2214F9C3ECEB}.Release|x64.Build.0 = Release|x64
		{9D02211E-989C-4230-B1F0-2214F9C3ECEB}.Release|x86.ActiveCfg = Release|Win32
		{9D02211E-989C-4230-B1F0-2214F9C3ECEB}.Release|x86.Build.0 = Release|Win32
		{09550AA1-F513-49FC-AC92-2519DEC85C41}.Debug|x64.ActiveCfg = Debug|x64
		{09550AA1-F513-49FC-AC92-2519DEC85C41}.Debug|x64.Build.0 = Debug|x64
		{09550AA1-F513-49FC-AC92-2519DEC85C41}.Debug|x86.ActiveCfg = Debug|Win32
		{09550AA1-F513-49FC-AC92-2519DEC85C41}.Debug|x86.Build.0 = Debug|Win32
		{09550AA1-F513-49FC-AC92-2519DEC85C41}.Release|x64.ActiveCfg = Release|x64
		{09550AA1-F513-49FC-AC92-2519DEC85C41}.Release|x64.Build.0 = Release|x64
		{09550AA1-F513-49FC-AC92-2519DEC85C41}.Release|x86.ActiveCfg = Release|Win32
		{09550AA1-F513-49FC-AC92-2519DEC85C41}.Release|x86.Build.0 = Release|Win32
		{2EFBC215-52B2-4644-83AD-92D8E90E90E5}.Debug|x64.ActiveCfg = Debug|x64
		{2EFBC215-52B2-4644-83AD-92D8E90E90E5}.Debug|x64.Build.0 = Debug|x64
		{2EFBC215-52B2-4644-83AD-92D8E90E90E5}.Debug|x86.ActiveCfg = Debug|Win32
		{2EFBC215-52B2-4644-83AD-92D8E90E90E5}.Debug|x86.Build.0 = Debug|Win32
		{2EFBC215-52B2-4644-83AD-92D8E90E90E5}.Release|x64.ActiveCfg = Release|x64
		{2EFBC215-52B2-4644-83AD-92D8E90E90E5}.Release|x64.Build.0 = Release|x64
		{2EFBC215-52B2-4644-83AD-92D8E90E90E5}.Release|x86.ActiveCfg = Release|Win32
		{2EFBC215-52B2-4644-83AD-92D8E90E90E5}.Release|x86.Build.0 = Release|Win32
		{5EE8641D-A4A8-490F-AE95-91675CA84C35}.Debug|x64.ActiveCfg = Debug|x64
		{5EE8641D-A4A8-490F-AE95-91675CA84C35}.Debug|x64.Build.0 = Debug|x64
		{5EE8641D-A4A8-490F-AE95-91675CA84C35}.Debug|x86.ActiveCfg = Debug|Win32
		{5EE8641D-A4A8-490F-AE95-91675CA84C35}.Debug|x86.Build.0 = Debug|Win32
		{5EE8641D-A4A8-490F-AE95-91675CA84C35}.Release|x64.ActiveCfg = Release|x64
		{5EE8641D-A4A8-490F-AE95-91675CA84C35}.Release|x64.Build.0 = Release|x64
		{5EE8641D-A4A8-490F-AE95-91675CA84C35}.Release|x86.ActiveCfg = Release|Win32
		{5EE8641D-A4A8-490F-AE95-91675CA84C35}.Release|x86.Build.0 = Release|Win32
		{EB58F720-0C0D-4A2C-901D-C8EC5918E269}.Debug|x64.ActiveCfg = Debug|x64
		{EB58F720-0C0D-4A2C-901D-C8EC5918E269}.Debug|x64.Build.0 = Debug|x64
		{EB58F720-0C0D-4A2C-901D-C8EC5918E269}.Debug|x86.ActiveCfg = Debug|Win32
		{EB58F720-0C0D-4A2C-901D-C8EC5918E269}.Debug|x86.Build.0 = Debug|Win32
		{EB58F720-0C0D-4A2C-901D-C8EC5918E269}.Release|x64.ActiveCfg = Release|x64
		{EB58F720-0C0D-4A2C-901D-C8EC5918E269}.Release|x64.Build.0 = Release|x64
		{EB58F720-0C0D-4A2C-901D-C8EC5918E269}.Release|x86.ActiveCfg = Release|Win32
		{EB58F720-0C0D-4A2C-901D-C8EC5918E269}.Release|x86.Build.0 = Release|Win32
		{E220A747-CA43-4754-84FF-BAFC1C6280BD}.Debug|x64.ActiveCfg = Debug|x64
		{E220A747-CA43-4754-84FF-BAFC1C6280BD}.Debug|x64.Build.0 = Debug|x64
		{E220A747-CA43-4754-84FF-BAFC1C6280BD}.Debug|x86.ActiveCfg = Debug|Win32
		{E220A747-CA43-4754-84FF-BAFC1C6280BD}.Debug|x86.Build.0 = Debug|Win32
		{E220A747-CA43-4754-84FF-BAFC1C6280BD}.Release|x64.ActiveCfg = Release|x64
		{E220A747-CA43-4754-84FF-BAFC1C6280BD}.Release|x64.Build.0 = Release|x64
		{E220A747-CA43-4754-84FF-BAFC1C6280BD}.Release|x86.ActiveCfg = Release|Win32
		{E220A747-CA43-4754-84FF-BAFC1C6280BD}.Release|x86.Build.0 = Release|Win32
		{8FFFEC0D-433D-4323-8819-FC8557E82F3B}.Debug|x64.ActiveCfg = Debug|x64
		{8FFFEC0D-433D-4323-8819-FC8557E82F3B}.Debug|x64.Build.0 = Debug|x64
		{8FFFEC0D-433D-4323-8819-FC8557E82F3B}.Debug|x86.ActiveCfg = Debug|Win32
		{8FFFEC0D-433D-4323-8819-FC8557E82F3B}.Debug|x86.Build.0 = Debug|Win32
		{8FFFEC0D-433D-4323-8819-FC8557E82F3B}.Release|x64.ActiveCfg = Release|x64
		{8FFFEC0D-433D-4323-8819-FC8557E82F3B}.Release|x64.Build.0 = Release|x64
		{8FFFEC0D-433D-4323-8819-FC8557E82F3B}.Release|x86.ActiveCfg = Release|Win32
		{8FFFEC0D-433D-4323-8819-FC8557E82F3B}.Release|x86.Build.0 = Release|Win32
		{D93224F1-D2A1-4C81-A5C5-A22642A62F42}.Debug|x64.ActiveCfg = Debug|x64
		{D93224F1-D2A1-4C81-A5C5-A22642A62F42}.Debug|x64.Build.0 = Debug|x64
		{D93224F1-D2A1-4C81-A5C5-A22642A62F42}.Debug|x86.ActiveCfg = Debug|Win32
		{D93224F1-D2A1-4C81-A5C5-A22642A62F42}.Debug|x86.Build.0 = Debug|Win32
		{D93224F1-D2A1-4C81-A5C5-A22642A62F42}.Release|x64.ActiveCfg = Release|x64
		{D93224F1-D2A1-4C81-A5C5-A22642A62F42}.Release|x64.Build.0 = Release|x64
		{D93224F1-D2A1-4C81-A5C5-A22642A62F42}.Release|x86.ActiveCfg = Release|Win32
		{D93224F1-D2A1-4C81-A5C5-A22642A62F42}.Release|x86.Build.0 = Release|Win32
	EndGlobalSection
	GlobalSection(SolutionProperties) = preSolution
		HideSolutionNode = FALSE
	EndGlobalSection
	GlobalSection(ExtensibilityGlobals) = postSolution
		SolutionGuid = {6CD7F971-7E53-47E8-A818-E8038AF185CD}
	EndGlobalSection
EndGlobal
